
Microsoft Visual Studio Solution File, Format Version 12.00
# Visual Studio Version 17
VisualStudioVersion = 17.8.34330.188
MinimumVisualStudioVersion = 10.0.40219.1
Project("{FAE04EC0-301F-11D3-BF4B-00C04F79EFBC}") = "JSONMigrationDemo", "JSONMigrationDemo\JSONMigrationDemo.csproj", "{6770A47C-C319-45E0-874F-9ADB441D51D0}"
EndProject
Global
	GlobalSection(SolutionConfigurationPlatforms) = preSolution
		Debug|Any CPU = Debug|Any CPU
		Release|Any CPU = Release|Any CPU
	EndGlobalSection
	GlobalSection(ProjectConfigurationPlatforms) = postSolution
		{6770A47C-C319-45E0-874F-9ADB441D51D0}.Debug|Any CPU.ActiveCfg = Debug|Any CPU
		{6770A47C-C319-45E0-874F-9ADB441D51D0}.Debug|Any CPU.Build.0 = Debug|Any CPU
		{6770A47C-C319-45E0-874F-9ADB441D51D0}.Release|Any CPU.ActiveCfg = Release|Any CPU
		{6770A47C-C319-45E0-874F-9ADB441D51D0}.Release|Any CPU.Build.0 = Release|Any CPU
	EndGlobalSection
	GlobalSection(SolutionProperties) = preSolution
		HideSolutionNode = FALSE
	EndGlobalSection
	GlobalSection(ExtensibilityGlobals) = postSolution
		SolutionGuid = {CC906DD7-C402-4CC4-B898-2E9083743623}
	EndGlobalSection
EndGlobal
